
Microsoft Visual Studio Solution File, Format Version 11.00
# Visual Studio 2010
Project("{FAE04EC0-301F-11D3-BF4B-00C04F79EFBC}") = "Balancy", "Balancy.csproj", "{51e8a158-799f-b46c-87b1-0b770ffe85ab}"
EndProject
Project("{FAE04EC0-301F-11D3-BF4B-00C04F79EFBC}") = "Balancy.Editor", "Balancy.Editor.csproj", "{b72ffd6f-d6eb-7534-6c81-c929557803c7}"
EndProject
Project("{FAE04EC0-301F-11D3-BF4B-00C04F79EFBC}") = "Balancy.CheatPanel", "Balancy.CheatPanel.csproj", "{3457115e-6659-75bd-117f-7944e8b3a9c9}"
EndProject
Project("{FAE04EC0-301F-11D3-BF4B-00C04F79EFBC}") = "Assembly-CSharp", "Assembly-CSharp.csproj", "{11c51326-e6bc-20f1-5e11-b736d3d9ebb4}"
EndProject
Global
	GlobalSection(SolutionConfigurationPlatforms) = preSolution
		Debug|Any CPU = Debug|Any CPU
	EndGlobalSection
	GlobalSection(ProjectConfigurationPlatforms) = postSolution
		{51e8a158-799f-b46c-87b1-0b770ffe85ab}.Debug|Any CPU.ActiveCfg = Debug|Any CPU
		{51e8a158-799f-b46c-87b1-0b770ffe85ab}.Debug|Any CPU.Build.0 = Debug|Any CPU
		{b72ffd6f-d6eb-7534-6c81-c929557803c7}.Debug|Any CPU.ActiveCfg = Debug|Any CPU
		{b72ffd6f-d6eb-7534-6c81-c929557803c7}.Debug|Any CPU.Build.0 = Debug|Any CPU
		{3457115e-6659-75bd-117f-7944e8b3a9c9}.Debug|Any CPU.ActiveCfg = Debug|Any CPU
		{3457115e-6659-75bd-117f-7944e8b3a9c9}.Debug|Any CPU.Build.0 = Debug|Any CPU
		{11c51326-e6bc-20f1-5e11-b736d3d9ebb4}.Debug|Any CPU.ActiveCfg = Debug|Any CPU
		{11c51326-e6bc-20f1-5e11-b736d3d9ebb4}.Debug|Any CPU.Build.0 = Debug|Any CPU
	EndGlobalSection
	GlobalSection(SolutionProperties) = preSolution
		HideSolutionNode = FALSE
	EndGlobalSection
EndGlobal
